
Microsoft Visual Studio Solution File, Format Version 12.00
# Visual Studio Version 17
VisualStudioVersion = 17.3.32811.315
MinimumVisualStudioVersion = 10.0.40219.1
Project("{8BC9CEB8-8B4A-11D0-8D11-00A0C91BC942}") = "CGLab1", "CGLab1\CGLab1.vcxproj", "{89867104-0C62-4CC8-A99B-0E758C31B0CA}"
EndProject
Global
	GlobalSection(SolutionConfigurationPlatforms) = preSolution
		Debug|x64 = Debug|x64
		Debug|x86 = Debug|x86
		Release|x64 = Release|x64
		Release|x86 = Release|x86
	EndGlobalSection
	GlobalSection(ProjectConfigurationPlatforms) = postSolution
		{89867104-0C62-4CC8-A99B-0E758C31B0CA}.Debug|x64.ActiveCfg = Debug|x64
		{89867104-0C62-4CC8-A99B-0E758C31B0CA}.Debug|x64.Build.0 = Debug|x64
		{89867104-0C62-4CC8-A99B-0E758C31B0CA}.Debug|x86.ActiveCfg = Debug|Win32
		{89867104-0C62-4CC8-A99B-0E758C31B0CA}.Debug|x86.Build.0 = Debug|Win32
		{89867104-0C62-4CC8-A99B-0E758C31B0CA}.Release|x64.ActiveCfg = Release|x64
		{89867104-0C62-4CC8-A99B-0E758C31B0CA}.Release|x64.Build.0 = Release|x64
		{89867104-0C62-4CC8-A99B-0E758C31B0CA}.Release|x86.ActiveCfg = Release|Win32
		{89867104-0C62-4CC8-A99B-0E758C31B0CA}.Release|x86.Build.0 = Release|Win32
	EndGlobalSection
	GlobalSection(SolutionProperties) = preSolution
		HideSolutionNode = FALSE
	EndGlobalSection
	GlobalSection(ExtensibilityGlobals) = postSolution
		SolutionGuid = {1FA4E812-A8D5-421F-8440-681DAA83847F}
	EndGlobalSection
EndGlobal
